// !$*UTF8*$!
{
	archiveVersion = 1;
	classes = {
	};
	objectVersion = 46;
	objects = {

/* Begin PBXBuildFile section */
		2D8031FA1D797DE9003EA94C /* AppDelegate.swift in Sources */ = {isa = PBXBuildFile; fileRef = 2D8031F91D797DE9003EA94C /* AppDelegate.swift */; };
		2D8031FC1D797DE9003EA94C /* ViewController.swift in Sources */ = {isa = PBXBuildFile; fileRef = 2D8031FB1D797DE9003EA94C /* ViewController.swift */; };
		2D8031FF1D797DE9003EA94C /* Main.storyboard in Resources */ = {isa = PBXBuildFile; fileRef = 2D8031FD1D797DE9003EA94C /* Main.storyboard */; };
		2D8032011D797DE9003EA94C /* Assets.xcassets in Resources */ = {isa = PBXBuildFile; fileRef = 2D8032001D797DE9003EA94C /* Assets.xcassets */; };
		2D8032041D797DE9003EA94C /* LaunchScreen.storyboard in Resources */ = {isa = PBXBuildFile; fileRef = 2D8032021D797DE9003EA94C /* LaunchScreen.storyboard */; };
/* End PBXBuildFile section */

/* Begin PBXFileReference section */
		2D8031F61D797DE9003EA94C /* Swift06_Navagation+Property.app */ = {isa = PBXFileReference; explicitFileType = wrapper.application; includeInIndex = 0; path = "Swift06_Navagation+Property.app"; sourceTree = BUILT_PRODUCTS_DIR; };
		2D8031F91D797DE9003EA94C /* AppDelegate.swift */ = {isa = PBXFileReference; lastKnownFileType = sourcecode.swift; path = AppDelegate.swift; sourceTree = "<group>"; };
		2D8031FB1D797DE9003EA94C /* ViewController.swift */ = {isa = PBXFileReference; lastKnownFileType = sourcecode.swift; path = ViewController.swift; sourceTree = "<group>"; };
		2D8031FE1D797DE9003EA94C /* Base */ = {isa = PBXFileReference; lastKnownFileType = file.storyboard; name = Base; path = Base.lproj/Main.storyboard; sourceTree = "<group>"; };
		2D8032001D797DE9003EA94C /* Assets.xcassets */ = {isa = PBXFileReference; lastKnownFileType = folder.assetcatalog; path = Assets.xcassets; sourceTree = "<group>"; };
		2D8032031D797DE9003EA94C /* Base */ = {isa = PBXFileReference; lastKnownFileType = file.storyboard; name = Base; path = Base.lproj/LaunchScreen.storyboard; sourceTree = "<group>"; };
		2D8032051D797DE9003EA94C /* Info.plist */ = {isa = PBXFileReference; lastKnownFileType = text.plist.xml; path = Info.plist; sourceTree = "<group>"; };
/* End PBXFileReference section */

/* Begin PBXFrameworksBuildPhase section */
		2D8031F31D797DE9003EA94C /* Frameworks */ = {
			isa = PBXFrameworksBuildPhase;
			buildActionMask = 2147483647;
			files = (
			);
			runOnlyForDeploymentPostprocessing = 0;
		};
/* End PBXFrameworksBuildPhase section */

/* Begin PBXGroup section */
		2D8031ED1D797DE9003EA94C = {
			isa = PBXGroup;
			children = (
				2D8031F81D797DE9003EA94C /* Swift06_Navagation+Property */,
				2D8031F71D797DE9003EA94C /* Products */,
			);
			sourceTree = "<group>";
		};
		2D8031F71D797DE9003EA94C /* Products */ = {
			isa = PBXGroup;
			children = (
				2D8031F61D797DE9003EA94C /* Swift06_Navagation+Property.app */,
			);
			name = Products;
			sourceTree = "<group>";
		};
		2D8031F81D797DE9003EA94C /* Swift06_Navagation+Property */ = {
			isa = PBXGroup;
			children = (
				2D8031F91D797DE9003EA94C /* AppDelegate.swift */,
				2D8031FB1D797DE9003EA94C /* ViewController.swift */,
				2D8031FD1D797DE9003EA94C /* Main.storyboard */,
				2D8032001D797DE9003EA94C /* Assets.xcassets */,
				2D8032021D797DE9003EA94C /* LaunchScreen.storyboard */,
				2D8032051D797DE9003EA94C /* Info.plist */,
			);
			path = "Swift06_Navagation+Property";
			sourceTree = "<group>";
		};
/* End PBXGroup section */

/* Begin PBXNativeTarget section */
		2D8031F51D797DE9003EA94C /* Swift06_Navagation+Property */ = {
			isa = PBXNativeTarget;
			buildConfigurationList = 2D8032081D797DE9003EA94C /* Build configuration list for PBXNativeTarget "Swift06_Navagation+Property" */;
			buildPhases = (
				2D8031F21D797DE9003EA94C /* Sources */,
				2D8031F31D797DE9003EA94C /* Frameworks */,
				2D8031F41D797DE9003EA94C /* Resources */,
			);
			buildRules = (
			);
			dependencies = (
			);
			name = "Swift06_Navagation+Property";
			productName = "Swift06_Navagation+Property";
			productReference = 2D8031F61D797DE9003EA94C /* Swift06_Navagation+Property.app */;
			productType = "com.apple.product-type.application";
		};
/* End PBXNativeTarget section */

/* Begin PBXProject section */
		2D8031EE1D797DE9003EA94C /* Project object */ = {
			isa = PBXProject;
			attributes = {
				LastSwiftUpdateCheck = 0720;
				LastUpgradeCheck = 0720;
				ORGANIZATIONNAME = WanJianTechnology;
				TargetAttributes = {
					2D8031F51D797DE9003EA94C = {
						CreatedOnToolsVersion = 7.2;
					};
				};
			};
			buildConfigurationList = 2D8031F11D797DE9003EA94C /* Build configuration list for PBXProject "Swift06_Navagation+Property" */;
			compatibilityVersion = "Xcode 3.2";
			developmentRegion = English;
			hasScannedForEncodings = 0;
			knownRegions = (
				en,
				Base,
			);
			mainGroup = 2D8031ED1D797DE9003EA94C;
			productRefGroup = 2D8031F71D797DE9003EA94C /* Products */;
			projectDirPath = "";
			projectRoot = "";
			targets = (
				2D8031F51D797DE9003EA94C /* Swift06_Navagation+Property */,
			);
		};
/* End PBXProject section */

/* Begin PBXResourcesBuildPhase section */
		2D8031F41D797DE9003EA94C /* Resources */ = {
			isa = PBXResourcesBuildPhase;
			buildActionMask = 2147483647;
			files = (
				2D8032041D797DE9003EA94C /* LaunchScreen.storyboard in Resources */,
				2D8032011D797DE9003EA94C /* Assets.xcassets in Resources */,
				2D8031FF1D797DE9003EA94C /* Main.storyboard in Resources */,
			);
			runOnlyForDeploymentPostprocessing = 0;
		};
/* End PBXResourcesBuildPhase section */

/* Begin PBXSourcesBuildPhase section */
		2D8031F21D797DE9003EA94C /* Sources */ = {
			isa = PBXSourcesBuildPhase;
			buildActionMask = 2147483647;
			files = (
				2D8031FC1D797DE9003EA94C /* ViewController.swift in Sources */,
				2D8031FA1D797DE9003EA94C /* AppDelegate.swift in Sources */,
			);
			runOnlyForDeploymentPostprocessing = 0;
		};
/* End PBXSourcesBuildPhase section */

/* Begin PBXVariantGroup section */
		2D8031FD1D797DE9003EA94C /* Main.storyboard */ = {
			isa = PBXVariantGroup;
			children = (
				2D8031FE1D797DE9003EA94C /* Base */,
			);
			name = Main.storyboard;
			sourceTree = "<group>";
		};
		2D8032021D797DE9003EA94C /* LaunchScreen.storyboard */ = {
			isa = PBXVariantGroup;
			children = (
				2D8032031D797DE9003EA94C /* Base */,
			);
			name = LaunchScreen.storyboard;
			sourceTree = "<group>";
		};
/* End PBXVariantGroup section */

/* Begin XCBuildConfiguration section */
		2D8032061D797DE9003EA94C /* Debug */ = {
			isa = XCBuildConfiguration;
			buildSettings = {
				ALWAYS_SEARCH_USER_PATHS = NO;
				CLANG_CXX_LANGUAGE_STANDARD = "gnu++0x";
				CLANG_CXX_LIBRARY = "libc++";
				CLANG_ENABLE_MODULES = YES;
				CLANG_ENABLE_OBJC_ARC = YES;
				CLANG_WARN_BOOL_CONVERSION = YES;
				CLANG_WARN_CONSTANT_CONVERSION = YES;
				CLANG_WARN_DIRECT_OBJC_ISA_USAGE = YES_ERROR;
				CLANG_WARN_EMPTY_BODY = YES;
				CLANG_WARN_ENUM_CONVERSION = YES;
				CLANG_WARN_INT_CONVERSION = YES;
				CLANG_WARN_OBJC_ROOT_CLASS = YES_ERROR;
				CLANG_WARN_UNREACHABLE_CODE = YES;
				CLANG_WARN__DUPLICATE_METHOD_MATCH = YES;
				"CODE_SIGN_IDENTITY[sdk=iphoneos*]" = "iPhone Developer";
				COPY_PHASE_STRIP = NO;
				DEBUG_INFORMATION_FORMAT = dwarf;
				ENABLE_STRICT_OBJC_MSGSEND = YES;
				ENABLE_TESTABILITY = YES;
				GCC_C_LANGUAGE_STANDARD = gnu99;
				GCC_DYNAMIC_NO_PIC = NO;
				GCC_NO_COMMON_BLOCKS = YES;
				GCC_OPTIMIZATION_LEVEL = 0;
				GCC_PREPROCESSOR_DEFINITIONS = (
					"DEBUG=1",
					"$(inherited)",
				);
				GCC_WARN_64_TO_32_BIT_CONVERSION = YES;
				GCC_WARN_ABOUT_RETURN_TYPE = YES_ERROR;
				GCC_WARN_UNDECLARED_SELECTOR = YES;
				GCC_WARN_UNINITIALIZED_AUTOS = YES_AGGRESSIVE;
				GCC_WARN_UNUSED_FUNCTION = YES;
				GCC_WARN_UNUSED_VARIABLE = YES;
				IPHONEOS_DEPLOYMENT_TARGET = 9.2;
				MTL_ENABLE_DEBUG_INFO = YES;
				ONLY_ACTIVE_ARCH = YES;
				SDKROOT = iphoneos;
				SWIFT_OPTIMIZATION_LEVEL = "-Onone";
			};
			name = Debug;
		};
		2D8032071D797DE9003EA94C /* Release */ = {
			isa = XCBuildConfiguration;
			buildSettings = {
				ALWAYS_SEARCH_USER_PATHS = NO;
				CLANG_CXX_LANGUAGE_STANDARD = "gnu++0x";
				CLANG_CXX_LIBRARY = "libc++";
				CLANG_ENABLE_MODULES = YES;
				CLANG_ENABLE_OBJC_ARC = YES;
				CLANG_WARN_BOOL_CONVERSION = YES;
				CLANG_WARN_CONSTANT_CONVERSION = YES;
				CLANG_WARN_DIRECT_OBJC_ISA_USAGE = YES_ERROR;
				CLANG_WARN_EMPTY_BODY = YES;
				CLANG_WARN_ENUM_CONVERSION = YES;
				CLANG_WARN_INT_CONVERSION = YES;
				CLANG_WARN_OBJC_ROOT_CLASS = YES_ERROR;
				CLANG_WARN_UNREACHABLE_CODE = YES;
				CLANG_WARN__DUPLICATE_METHOD_MATCH = YES;
				"CODE_SIGN_IDENTITY[sdk=iphoneos*]" = "iPhone Developer";
				COPY_PHASE_STRIP = NO;
				DEBUG_INFORMATION_FORMAT = "dwarf-with-dsym";
				ENABLE_NS_ASSERTIONS = NO;
				ENABLE_STRICT_OBJC_MSGSEND = YES;
				GCC_C_LANGUAGE_STANDARD = gnu99;
				GCC_NO_COMMON_BLOCKS = YES;
				GCC_WARN_64_TO_32_BIT_CONVERSION = YES;
				GCC_WARN_ABOUT_RETURN_TYPE = YES_ERROR;
				GCC_WARN_UNDECLARED_SELECTOR = YES;
				GCC_WARN_UNINITIALIZED_AUTOS = YES_AGGRESSIVE;
				GCC_WARN_UNUSED_FUNCTION = YES;
				GCC_WARN_UNUSED_VARIABLE = YES;
				IPHONEOS_DEPLOYMENT_TARGET = 9.2;
				MTL_ENABLE_DEBUG_INFO = NO;
				SDKROOT = iphoneos;
				VALIDATE_PRODUCT = YES;
			};
			name = Release;
		};
		2D8032091D797DE9003EA94C /* Debug */ = {
			isa = XCBuildConfiguration;
			buildSettings = {
				ASSETCATALOG_COMPILER_APPICON_NAME = AppIcon;
				INFOPLIST_FILE = "Swift06_Navagation+Property/Info.plist";
				LD_RUNPATH_SEARCH_PATHS = "$(inherited) @executable_path/Frameworks";
				PRODUCT_BUNDLE_IDENTIFIER = "com.WanJianTechnology.Swift06-Navagation-Property";
				PRODUCT_NAME = "$(TARGET_NAME)";
			};
			name = Debug;
		};
		2D80320A1D797DE9003EA94C /* Release */ = {
			isa = XCBuildConfiguration;
			buildSettings = {
				ASSETCATALOG_COMPILER_APPICON_NAME = AppIcon;
				INFOPLIST_FILE = "Swift06_Navagation+Property/Info.plist";
				LD_RUNPATH_SEARCH_PATHS = "$(inherited) @executable_path/Frameworks";
				PRODUCT_BUNDLE_IDENTIFIER = "com.WanJianTechnology.Swift06-Navagation-Property";
				PRODUCT_NAME = "$(TARGET_NAME)";
			};
			name = Release;
		};
/* End XCBuildConfiguration section */

/* Begin XCConfigurationList section */
		2D8031F11D797DE9003EA94C /* Build configuration list for PBXProject "Swift06_Navagation+Property" */ = {
			isa = XCConfigurationList;
			buildConfigurations = (
				2D8032061D797DE9003EA94C /* Debug */,
				2D8032071D797DE9003EA94C /* Release */,
			);
			defaultConfigurationIsVisible = 0;
			defaultConfigurationName = Release;
		};
		2D8032081D797DE9003EA94C /* Build configuration list for PBXNativeTarget "Swift06_Navagation+Property" */ = {
			isa = XCConfigurationList;
			buildConfigurations = (
				2D8032091D797DE9003EA94C /* Debug */,
				2D80320A1D797DE9003EA94C /* Release */,
			);
			defaultConfigurationIsVisible = 0;
		};
/* End XCConfigurationList section */
	};
	rootObject = 2D8031EE1D797DE9003EA94C /* Project object */;
}
